
Microsoft Visual Studio Solution File, Format Version 12.00
# Visual Studio Version 16
VisualStudioVersion = 16.0.28803.202
MinimumVisualStudioVersion = 10.0.40219.1
Project("{9A19103F-16F7-4668-BE54-9A1E7A4F7556}") = "SharedLib.Core", "src\SharedLib.Core.csproj", "{D338244B-965A-4EFA-9780-8EB3234ED624}"
EndProject
Project("{FAE04EC0-301F-11D3-BF4B-00C04F79EFBC}") = "SharedLibTests", "tests\SharedLibTests\SharedLibTests.csproj", "{33241612-F9DC-4F43-817E-BF25A338DBD8}"
EndProject
Global
	GlobalSection(SolutionConfigurationPlatforms) = preSolution
		Debug|Any CPU = Debug|Any CPU
		Release|Any CPU = Release|Any CPU
	EndGlobalSection
	GlobalSection(ProjectConfigurationPlatforms) = postSolution
		{D338244B-965A-4EFA-9780-8EB3234ED624}.Debug|Any CPU.ActiveCfg = Debug|Any CPU
		{D338244B-965A-4EFA-9780-8EB3234ED624}.Debug|Any CPU.Build.0 = Debug|Any CPU
		{D338244B-965A-4EFA-9780-8EB3234ED624}.Release|Any CPU.ActiveCfg = Release|Any CPU
		{D338244B-965A-4EFA-9780-8EB3234ED624}.Release|Any CPU.Build.0 = Release|Any CPU
		{33241612-F9DC-4F43-817E-BF25A338DBD8}.Debug|Any CPU.ActiveCfg = Debug|Any CPU
		{33241612-F9DC-4F43-817E-BF25A338DBD8}.Debug|Any CPU.Build.0 = Debug|Any CPU
		{33241612-F9DC-4F43-817E-BF25A338DBD8}.Release|Any CPU.ActiveCfg = Release|Any CPU
		{33241612-F9DC-4F43-817E-BF25A338DBD8}.Release|Any CPU.Build.0 = Release|Any CPU
	EndGlobalSection
	GlobalSection(SolutionProperties) = preSolution
		HideSolutionNode = FALSE
	EndGlobalSection
	GlobalSection(ExtensibilityGlobals) = postSolution
		SolutionGuid = {93CD97F0-673F-4B80-A946-9651DD929FD4}
	EndGlobalSection
EndGlobal
